
Microsoft Visual Studio Solution File, Format Version 12.00
# Visual Studio 15
VisualStudioVersion = 15.0.28307.421
MinimumVisualStudioVersion = 10.0.40219.1
Project("{9A19103F-16F7-4668-BE54-9A1E7A4F7556}") = "LambdaForums", "LambdaForums\LambdaForums.csproj", "{B0EEC89F-D2DC-4515-859D-DC40C35AB0A6}"
EndProject
Project("{9A19103F-16F7-4668-BE54-9A1E7A4F7556}") = "LambdaForums.Data", "LambdaForums.Data\LambdaForums.Data.csproj", "{9F2F8D75-65FB-401C-A716-C46A84DA3705}"
EndProject
Project("{9A19103F-16F7-4668-BE54-9A1E7A4F7556}") = "LambdaForums.Service", "LambdaForums.Service\LambdaForums.Service.csproj", "{2927EF98-4E43-4EEB-8277-79FE699C111E}"
EndProject
Global
	GlobalSection(SolutionConfigurationPlatforms) = preSolution
		Debug|Any CPU = Debug|Any CPU
		Release|Any CPU = Release|Any CPU
	EndGlobalSection
	GlobalSection(ProjectConfigurationPlatforms) = postSolution
		{B0EEC89F-D2DC-4515-859D-DC40C35AB0A6}.Debug|Any CPU.ActiveCfg = Debug|Any CPU
		{B0EEC89F-D2DC-4515-859D-DC40C35AB0A6}.Debug|Any CPU.Build.0 = Debug|Any CPU
		{B0EEC89F-D2DC-4515-859D-DC40C35AB0A6}.Release|Any CPU.ActiveCfg = Release|Any CPU
		{B0EEC89F-D2DC-4515-859D-DC40C35AB0A6}.Release|Any CPU.Build.0 = Release|Any CPU
		{9F2F8D75-65FB-401C-A716-C46A84DA3705}.Debug|Any CPU.ActiveCfg = Debug|Any CPU
		{9F2F8D75-65FB-401C-A716-C46A84DA3705}.Debug|Any CPU.Build.0 = Debug|Any CPU
		{9F2F8D75-65FB-401C-A716-C46A84DA3705}.Release|Any CPU.ActiveCfg = Release|Any CPU
		{9F2F8D75-65FB-401C-A716-C46A84DA3705}.Release|Any CPU.Build.0 = Release|Any CPU
		{2927EF98-4E43-4EEB-8277-79FE699C111E}.Debug|Any CPU.ActiveCfg = Debug|Any CPU
		{2927EF98-4E43-4EEB-8277-79FE699C111E}.Debug|Any CPU.Build.0 = Debug|Any CPU
		{2927EF98-4E43-4EEB-8277-79FE699C111E}.Release|Any CPU.ActiveCfg = Release|Any CPU
		{2927EF98-4E43-4EEB-8277-79FE699C111E}.Release|Any CPU.Build.0 = Release|Any CPU
	EndGlobalSection
	GlobalSection(SolutionProperties) = preSolution
		HideSolutionNode = FALSE
	EndGlobalSection
	GlobalSection(ExtensibilityGlobals) = postSolution
		SolutionGuid = {BC9DB57D-E2B4-4026-AF77-9E4E75565A86}
	EndGlobalSection
EndGlobal
